
Microsoft Visual Studio Solution File, Format Version 12.00
# Visual Studio Version 16
VisualStudioVersion = 16.0.31911.196
MinimumVisualStudioVersion = 10.0.40219.1
Project("{FAE04EC0-301F-11D3-BF4B-00C04F79EFBC}") = "regChecking", "regChecking\regChecking.csproj", "{FF5D7AE6-80C4-4AEE-96DD-AE678595C2DB}"
EndProject
Global
	GlobalSection(SolutionConfigurationPlatforms) = preSolution
		Debug|Any CPU = Debug|Any CPU
		Release|Any CPU = Release|Any CPU
	EndGlobalSection
	GlobalSection(ProjectConfigurationPlatforms) = postSolution
		{FF5D7AE6-80C4-4AEE-96DD-AE678595C2DB}.Debug|Any CPU.ActiveCfg = Debug|Any CPU
		{FF5D7AE6-80C4-4AEE-96DD-AE678595C2DB}.Debug|Any CPU.Build.0 = Debug|Any CPU
		{FF5D7AE6-80C4-4AEE-96DD-AE678595C2DB}.Release|Any CPU.ActiveCfg = Release|Any CPU
		{FF5D7AE6-80C4-4AEE-96DD-AE678595C2DB}.Release|Any CPU.Build.0 = Release|Any CPU
	EndGlobalSection
	GlobalSection(SolutionProperties) = preSolution
		HideSolutionNode = FALSE
	EndGlobalSection
	GlobalSection(ExtensibilityGlobals) = postSolution
		SolutionGuid = {596403F7-2AA8-4FA8-BB00-82F240C46EC2}
	EndGlobalSection
EndGlobal
